hash: fca7de33da5b66798f0a87b426f5e7e00ddce3d55a6a0c01ca1662d438cee193
updated: 2016-09-29T22:55:08.83533687-07:00
imports:
- name: github.com/BurntSushi/toml
  version: bbd5bb678321a0d6e58f1099321dfa73391c1b6f
- name: github.com/davecgh/go-spew
  version: 5215b55f46b2b919f50a1df0eaa5886afe4e3b3d
  subpackages:
  - spew
- name: github.com/ehalpern/go-mysql
  version: 2e4953d543e30b30a4856a04b46de02c2d4d4166
  subpackages:
  - canal
  - schema
  - client
  - dump
  - mysql
  - replication
  - packet
- name: github.com/juju/errors
  version: 6f54ff6318409d31ff16261533ce2c8381a4fd5d
- name: github.com/pmezard/go-difflib
  version: 792786c7400a136282c1664665ae0a8db921c6c2
  subpackages:
  - difflib
- name: github.com/satori/go.uuid
  version: d41af8bb6a7704f00bc3b7cba9355ae6a5a80048
- name: github.com/siddontang/go
  version: 354e14e6c093c661abb29fd28403b3c19cff5514
  subpackages:
  - log
  - sync2
  - ioutil2
  - hack
- name: github.com/stretchr/testify
  version: 69483b4bd14f5845b5a1e55bca19e954e827f1d0
  subpackages:
  - assert
  - require
- name: github.com/takama/daemon
  version: 3bf393c2cc2cbbc7e31e1b91c897798dabad5621
  repo: git@github.com:ehalpern/daemon.git
- name: golang.org/x/net
  version: a333c534c871727fb95745870e8b98a69447f2ce
  subpackages:
  - context
  - context/ctxhttp
- name: gopkg.in/olivere/elastic.v3
  version: 3f5e619b7a90ff8d4ad81a53ca8e74ee79b83b42
  subpackages:
  - backoff
  - uritemplates
testImports:
- name: github.com/go-sql-driver/mysql
  version: 0b58b37b664c21f3010e836f1b931e1d0b0b0685
- name: gopkg.in/check.v1
  version: 4f90aeace3a26ad7021961c297b22c42160c7b25
