hash: c632e4649150211f3b1b70d94c3ccdcbbe0f588a845242896b17ce90851e073d
updated: 2016-09-11T22:11:14.599012436-07:00
imports:
- name: github.com/BurntSushi/toml
  version: ""
- name: github.com/davecgh/go-spew
  version: ""
  subpackages:
  - spew
- name: github.com/ehalpern/go-mysql
  version: d85de550e73dbbe5abe8aa1dde70f7499bc5d83c
  subpackages:
  - canal
  - schema
  - mysql
  - client
  - dump
  - replication
  - packet
- name: github.com/juju/errors
  version: 1b3731b9896de2008d7df4e1c8d9e736fb5b53a9
- name: github.com/pmezard/go-difflib
  version: ""
  subpackages:
  - difflib
- name: github.com/satori/go.uuid
  version: 1b3731b9896de2008d7df4e1c8d9e736fb5b53a9
- name: github.com/siddontang/go
  version: 1b3731b9896de2008d7df4e1c8d9e736fb5b53a9
  subpackages:
  - log
  - sync2
  - ioutil2
  - hack
- name: github.com/stretchr/testify
  version: ""
  subpackages:
  - assert
  - require
- name: github.com/takama/daemon
  version: 1b3731b9896de2008d7df4e1c8d9e736fb5b53a9
  repo: git@github.com:ehalpern/daemon.git
- name: golang.org/x/net
  version: 1b3731b9896de2008d7df4e1c8d9e736fb5b53a9
  subpackages:
  - context
  - context/ctxhttp
- name: gopkg.in/olivere/elastic.v3
  version: ""
  subpackages:
  - backoff
  - uritemplates
testImports:
- name: github.com/go-sql-driver/mysql
  version: 1b3731b9896de2008d7df4e1c8d9e736fb5b53a9
- name: gopkg.in/check.v1
  version: 1b3731b9896de2008d7df4e1c8d9e736fb5b53a9
