hash: c632e4649150211f3b1b70d94c3ccdcbbe0f588a845242896b17ce90851e073d
updated: 2016-09-08T21:01:16.91077685-07:00
imports:
- name: github.com/BurntSushi/toml
  version: ""
- name: github.com/davecgh/go-spew
  version: ""
  subpackages:
  - spew
- name: github.com/ehalpern/go-mysql
  version: 3a741fe4ec2c73b6d0764e1a295bcc4fa61277b0
  subpackages:
  - canal
  - schema
  - mysql
  - client
  - dump
  - replication
  - packet
- name: github.com/juju/errors
  version: 382ba367aaa9c182e1ecc515d29cbefbb5d53b30
- name: github.com/pmezard/go-difflib
  version: ""
  subpackages:
  - difflib
- name: github.com/satori/go.uuid
  version: 382ba367aaa9c182e1ecc515d29cbefbb5d53b30
- name: github.com/siddontang/go
  version: 382ba367aaa9c182e1ecc515d29cbefbb5d53b30
  subpackages:
  - log
  - sync2
  - ioutil2
  - hack
- name: github.com/stretchr/testify
  version: ""
  subpackages:
  - assert
  - require
- name: github.com/takama/daemon
  version: 382ba367aaa9c182e1ecc515d29cbefbb5d53b30
  repo: git@github.com:ehalpern/daemon.git
- name: gopkg.in/olivere/elastic.v3
  version: ""
  subpackages:
  - backoff
  - uritemplates
testImports:
- name: github.com/go-sql-driver/mysql
  version: 382ba367aaa9c182e1ecc515d29cbefbb5d53b30
- name: gopkg.in/check.v1
  version: 382ba367aaa9c182e1ecc515d29cbefbb5d53b30
